
Microsoft Visual Studio Solution File, Format Version 12.00
# Visual Studio Version 17
VisualStudioVersion = 17.3.32901.215
MinimumVisualStudioVersion = 10.0.40219.1
Project("{9A19103F-16F7-4668-BE54-9A1E7A4F7556}") = "Demo", "Demo\Demo.csproj", "{F037F3E1-33A5-4D70-9E76-503BFC1A60CC}"
EndProject
Project("{FAE04EC0-301F-11D3-BF4B-00C04F79EFBC}") = "Poll2", "Poll2\Poll2.csproj", "{432A13F0-EC3D-45F8-8DD2-D9BBE10B949B}"
EndProject
Global
	GlobalSection(SolutionConfigurationPlatforms) = preSolution
		Debug|Any CPU = Debug|Any CPU
		Release|Any CPU = Release|Any CPU
	EndGlobalSection
	GlobalSection(ProjectConfigurationPlatforms) = postSolution
		{F037F3E1-33A5-4D70-9E76-503BFC1A60CC}.Debug|Any CPU.ActiveCfg = Debug|Any CPU
		{F037F3E1-33A5-4D70-9E76-503BFC1A60CC}.Debug|Any CPU.Build.0 = Debug|Any CPU
		{F037F3E1-33A5-4D70-9E76-503BFC1A60CC}.Release|Any CPU.ActiveCfg = Release|Any CPU
		{F037F3E1-33A5-4D70-9E76-503BFC1A60CC}.Release|Any CPU.Build.0 = Release|Any CPU
		{432A13F0-EC3D-45F8-8DD2-D9BBE10B949B}.Debug|Any CPU.ActiveCfg = Debug|Any CPU
		{432A13F0-EC3D-45F8-8DD2-D9BBE10B949B}.Debug|Any CPU.Build.0 = Debug|Any CPU
		{432A13F0-EC3D-45F8-8DD2-D9BBE10B949B}.Release|Any CPU.ActiveCfg = Release|Any CPU
		{432A13F0-EC3D-45F8-8DD2-D9BBE10B949B}.Release|Any CPU.Build.0 = Release|Any CPU
	EndGlobalSection
	GlobalSection(SolutionProperties) = preSolution
		HideSolutionNode = FALSE
	EndGlobalSection
	GlobalSection(ExtensibilityGlobals) = postSolution
		SolutionGuid = {D3580857-3FFF-4AE4-8C0E-7A328C924F6E}
	EndGlobalSection
EndGlobal
